{
  "name": "shelbymcp",
  "version": "0.4.0",
  "lockfileVersion": 3,
  "requires": true,
  "packages": {
    "": {
      "name": "shelbymcp",
      "version": "0.4.0",
      "license": "MIT",
      "workspaces": [
        "npm/*"
      ],
      "bin": {
        "shelbymcp": "bin/shelbymcp.js"
      },
      "engines": {
        "node": ">=20"
      },
      "optionalDependencies": {
        "shelbymcp-darwin-arm64": "0.4.0",
        "shelbymcp-darwin-x64": "0.4.0",
        "shelbymcp-linux-arm64": "0.4.0",
        "shelbymcp-linux-x64": "0.4.0",
        "shelbymcp-win32-x64": "0.4.0"
      }
    },
    "node_modules/shelbymcp-darwin-arm64": {
      "resolved": "npm/darwin-arm64",
      "link": true
    },
    "node_modules/shelbymcp-darwin-x64": {
      "resolved": "npm/darwin-x64",
      "link": true
    },
    "node_modules/shelbymcp-linux-arm64": {
      "resolved": "npm/linux-arm64",
      "link": true
    },
    "node_modules/shelbymcp-linux-x64": {
      "resolved": "npm/linux-x64",
      "link": true
    },
    "node_modules/shelbymcp-win32-x64": {
      "resolved": "npm/win32-x64",
      "link": true
    },
    "npm/darwin-arm64": {
      "name": "shelbymcp-darwin-arm64",
      "version": "0.4.0",
      "license": "MIT"
    },
    "npm/darwin-x64": {
      "name": "shelbymcp-darwin-x64",
      "version": "0.4.0",
      "license": "MIT"
    },
    "npm/linux-arm64": {
      "name": "shelbymcp-linux-arm64",
      "version": "0.4.0",
      "license": "MIT"
    },
    "npm/linux-x64": {
      "name": "shelbymcp-linux-x64",
      "version": "0.4.0",
      "license": "MIT"
    },
    "npm/win32-x64": {
      "name": "shelbymcp-win32-x64",
      "version": "0.4.0",
      "license": "MIT"
    }
  }
}
